
Microsoft Visual Studio Solution File, Format Version 12.00
# Visual Studio Version 17
VisualStudioVersion = 17.1.32113.165
MinimumVisualStudioVersion = 10.0.40219.1
Project("{9A19103F-16F7-4668-BE54-9A1E7A4F7556}") = "OpenChargeMeteringFormat", "OpenChargeMeteringFormat\OpenChargeMeteringFormat.csproj", "{CC1869D5-FA23-4014-8656-EFC43BE11F48}"
EndProject
Project("{9A19103F-16F7-4668-BE54-9A1E7A4F7556}") = "OpenChargeMeteringFormat.Test", "OpenChargeMeteringFormat.Test\OpenChargeMeteringFormat.Test.csproj", "{EDD756D4-A75C-4B48-9D55-259B6D5669D7}"
EndProject
Project("{2150E333-8FDC-42A3-9474-1A3956D46DE8}") = "Solution Items", "Solution Items", "{E8E7DF0E-40FD-4ED0-863D-D3AD856139B1}"
	ProjectSection(SolutionItems) = preProject
		README.md = README.md
	EndProjectSection
EndProject
Global
	GlobalSection(SolutionConfigurationPlatforms) = preSolution
		Debug|Any CPU = Debug|Any CPU
		Release|Any CPU = Release|Any CPU
	EndGlobalSection
	GlobalSection(ProjectConfigurationPlatforms) = postSolution
		{CC1869D5-FA23-4014-8656-EFC43BE11F48}.Debug|Any CPU.ActiveCfg = Debug|Any CPU
		{CC1869D5-FA23-4014-8656-EFC43BE11F48}.Debug|Any CPU.Build.0 = Debug|Any CPU
		{CC1869D5-FA23-4014-8656-EFC43BE11F48}.Release|Any CPU.ActiveCfg = Release|Any CPU
		{CC1869D5-FA23-4014-8656-EFC43BE11F48}.Release|Any CPU.Build.0 = Release|Any CPU
		{EDD756D4-A75C-4B48-9D55-259B6D5669D7}.Debug|Any CPU.ActiveCfg = Debug|Any CPU
		{EDD756D4-A75C-4B48-9D55-259B6D5669D7}.Debug|Any CPU.Build.0 = Debug|Any CPU
		{EDD756D4-A75C-4B48-9D55-259B6D5669D7}.Release|Any CPU.ActiveCfg = Release|Any CPU
		{EDD756D4-A75C-4B48-9D55-259B6D5669D7}.Release|Any CPU.Build.0 = Release|Any CPU
	EndGlobalSection
	GlobalSection(SolutionProperties) = preSolution
		HideSolutionNode = FALSE
	EndGlobalSection
	GlobalSection(ExtensibilityGlobals) = postSolution
		SolutionGuid = {9066BE1D-B1DC-4028-95E5-6C57183550A1}
	EndGlobalSection
EndGlobal
